
Microsoft Visual Studio Solution File, Format Version 12.00
# Visual Studio Version 17
VisualStudioVersion = 17.5.002.0
MinimumVisualStudioVersion = 10.0.40219.1
Project("{9A19103F-16F7-4668-BE54-9A1E7A4F7556}") = "Calculador", "Calculador.csproj", "{67FF4F01-55AB-4218-8C22-A21B019D71FC}"
EndProject
Global
	GlobalSection(SolutionConfigurationPlatforms) = preSolution
		Debug|Any CPU = Debug|Any CPU
		Release|Any CPU = Release|Any CPU
	EndGlobalSection
	GlobalSection(ProjectConfigurationPlatforms) = postSolution
		{67FF4F01-55AB-4218-8C22-A21B019D71FC}.Debug|Any CPU.ActiveCfg = Debug|Any CPU
		{67FF4F01-55AB-4218-8C22-A21B019D71FC}.Debug|Any CPU.Build.0 = Debug|Any CPU
		{67FF4F01-55AB-4218-8C22-A21B019D71FC}.Release|Any CPU.ActiveCfg = Release|Any CPU
		{67FF4F01-55AB-4218-8C22-A21B019D71FC}.Release|Any CPU.Build.0 = Release|Any CPU
	EndGlobalSection
	GlobalSection(SolutionProperties) = preSolution
		HideSolutionNode = FALSE
	EndGlobalSection
	GlobalSection(ExtensibilityGlobals) = postSolution
		SolutionGuid = {8780E075-DEC6-43B1-A583-636576EB94F7}
	EndGlobalSection
EndGlobal
